
Microsoft Visual Studio Solution File, Format Version 12.00
# Visual Studio Version 17
VisualStudioVersion = 17.1.32414.318
MinimumVisualStudioVersion = 10.0.40219.1
Project("{FAE04EC0-301F-11D3-BF4B-00C04F79EFBC}") = "CSVHelperAndJson", "CSVHelperAndJson\CSVHelperAndJson.csproj", "{FDE894FB-4920-4008-98F4-BB5626D11AE5}"
EndProject
Global
	GlobalSection(SolutionConfigurationPlatforms) = preSolution
		Debug|Any CPU = Debug|Any CPU
		Release|Any CPU = Release|Any CPU
	EndGlobalSection
	GlobalSection(ProjectConfigurationPlatforms) = postSolution
		{FDE894FB-4920-4008-98F4-BB5626D11AE5}.Debug|Any CPU.ActiveCfg = Debug|Any CPU
		{FDE894FB-4920-4008-98F4-BB5626D11AE5}.Debug|Any CPU.Build.0 = Debug|Any CPU
		{FDE894FB-4920-4008-98F4-BB5626D11AE5}.Release|Any CPU.ActiveCfg = Release|Any CPU
		{FDE894FB-4920-4008-98F4-BB5626D11AE5}.Release|Any CPU.Build.0 = Release|Any CPU
	EndGlobalSection
	GlobalSection(SolutionProperties) = preSolution
		HideSolutionNode = FALSE
	EndGlobalSection
	GlobalSection(ExtensibilityGlobals) = postSolution
		SolutionGuid = {6D45830E-7FBC-46AD-8354-2AF2B8DC01BD}
	EndGlobalSection
EndGlobal
